Microsoft Visual Studio Solution File, Format Version 12.00
# Visual Studio Version 17
VisualStudioVersion = 17.5.2.0
MinimumVisualStudioVersion = 10.0.40219.1
Project("{FAE04EC0-301F-11D3-BF4B-00C04F79EFBC}") = "LINQwebAPI", "LINQwebAPI.csproj", "{61D42F88-A73A-8D8D-E372-D27FE82A124D}"
EndProject
Global
	GlobalSection(SolutionConfigurationPlatforms) = preSolution
		Debug|Any CPU = Debug|Any CPU
		Release|Any CPU = Release|Any CPU
	EndGlobalSection
	GlobalSection(ProjectConfigurationPlatforms) = postSolution
		{61D42F88-A73A-8D8D-E372-D27FE82A124D}.Debug|Any CPU.ActiveCfg = Debug|Any CPU
		{61D42F88-A73A-8D8D-E372-D27FE82A124D}.Debug|Any CPU.Build.0 = Debug|Any CPU
		{61D42F88-A73A-8D8D-E372-D27FE82A124D}.Release|Any CPU.ActiveCfg = Release|Any CPU
		{61D42F88-A73A-8D8D-E372-D27FE82A124D}.Release|Any CPU.Build.0 = Release|Any CPU
	EndGlobalSection
	GlobalSection(SolutionProperties) = preSolution
		HideSolutionNode = FALSE
	EndGlobalSection
	GlobalSection(ExtensibilityGlobals) = postSolution
		SolutionGuid = {15C4E3B2-3005-4152-A867-7A57D1FFCA54}
	EndGlobalSection
EndGlobal
